
Microsoft Visual Studio Solution File, Format Version 12.00
# Visual Studio Version 17
VisualStudioVersion = 17.5.002.0
MinimumVisualStudioVersion = 10.0.40219.1
Project("{9A19103F-16F7-4668-BE54-9A1E7A4F7556}") = "Robot.App", "App\Robot.App.csproj", "{60E9E7AB-2868-4352-873B-D71C8C230309}"
EndProject
Project("{9A19103F-16F7-4668-BE54-9A1E7A4F7556}") = "Robot.Hotfix", "Hotfix\Robot.Hotfix.csproj", "{80BF59EC-FAFF-434A-B680-23CF89319E89}"
EndProject
Project("{9A19103F-16F7-4668-BE54-9A1E7A4F7556}") = "Robot.Model", "Model\Robot.Model.csproj", "{B94D275E-6ADB-43E4-AB34-F93A34672870}"
EndProject
Global
	GlobalSection(SolutionConfigurationPlatforms) = preSolution
		Debug|Any CPU = Debug|Any CPU
		Release|Any CPU = Release|Any CPU
	EndGlobalSection
	GlobalSection(ProjectConfigurationPlatforms) = postSolution
		{60E9E7AB-2868-4352-873B-D71C8C230309}.Debug|Any CPU.ActiveCfg = Debug|Any CPU
		{60E9E7AB-2868-4352-873B-D71C8C230309}.Debug|Any CPU.Build.0 = Debug|Any CPU
		{60E9E7AB-2868-4352-873B-D71C8C230309}.Release|Any CPU.ActiveCfg = Release|Any CPU
		{60E9E7AB-2868-4352-873B-D71C8C230309}.Release|Any CPU.Build.0 = Release|Any CPU
		{80BF59EC-FAFF-434A-B680-23CF89319E89}.Debug|Any CPU.ActiveCfg = Debug|Any CPU
		{80BF59EC-FAFF-434A-B680-23CF89319E89}.Debug|Any CPU.Build.0 = Debug|Any CPU
		{80BF59EC-FAFF-434A-B680-23CF89319E89}.Release|Any CPU.ActiveCfg = Release|Any CPU
		{80BF59EC-FAFF-434A-B680-23CF89319E89}.Release|Any CPU.Build.0 = Release|Any CPU
		{B94D275E-6ADB-43E4-AB34-F93A34672870}.Debug|Any CPU.ActiveCfg = Debug|Any CPU
		{B94D275E-6ADB-43E4-AB34-F93A34672870}.Debug|Any CPU.Build.0 = Debug|Any CPU
		{B94D275E-6ADB-43E4-AB34-F93A34672870}.Release|Any CPU.ActiveCfg = Release|Any CPU
		{B94D275E-6ADB-43E4-AB34-F93A34672870}.Release|Any CPU.Build.0 = Release|Any CPU
	EndGlobalSection
	GlobalSection(SolutionProperties) = preSolution
		HideSolutionNode = FALSE
	EndGlobalSection
	GlobalSection(ExtensibilityGlobals) = postSolution
		SolutionGuid = {408A0D60-3DA4-4471-A922-524753971BFA}
	EndGlobalSection
EndGlobal
