
Microsoft Visual Studio Solution File, Format Version 12.00
# Visual Studio Version 17
VisualStudioVersion = 17.12.35707.178 d17.12
MinimumVisualStudioVersion = 10.0.40219.1
Project("{FAE04EC0-301F-11D3-BF4B-00C04F79EFBC}") = "Godot", "Godot.csproj", "{ED6A7778-A183-4541-8114-D873A666C7AE}"
EndProject
Global
	GlobalSection(SolutionConfigurationPlatforms) = preSolution
		Debug|Any CPU = Debug|Any CPU
		ExportDebug|Any CPU = ExportDebug|Any CPU
		ExportRelease|Any CPU = ExportRelease|Any CPU
	EndGlobalSection
	GlobalSection(ProjectConfigurationPlatforms) = postSolution
		{ED6A7778-A183-4541-8114-D873A666C7AE}.Debug|Any CPU.ActiveCfg = Debug|Any CPU
		{ED6A7778-A183-4541-8114-D873A666C7AE}.Debug|Any CPU.Build.0 = Debug|Any CPU
		{ED6A7778-A183-4541-8114-D873A666C7AE}.ExportDebug|Any CPU.ActiveCfg = ExportDebug|Any CPU
		{ED6A7778-A183-4541-8114-D873A666C7AE}.ExportDebug|Any CPU.Build.0 = ExportDebug|Any CPU
		{ED6A7778-A183-4541-8114-D873A666C7AE}.ExportRelease|Any CPU.ActiveCfg = ExportRelease|Any CPU
		{ED6A7778-A183-4541-8114-D873A666C7AE}.ExportRelease|Any CPU.Build.0 = ExportRelease|Any CPU
	EndGlobalSection
	GlobalSection(SolutionProperties) = preSolution
		HideSolutionNode = FALSE
	EndGlobalSection
EndGlobal
