
Microsoft Visual Studio Solution File, Format Version 12.00
# Visual Studio Version 17
VisualStudioVersion = 17.10.35122.118
MinimumVisualStudioVersion = 10.0.40219.1
Project("{9A19103F-16F7-4668-BE54-9A1E7A4F7556}") = "nav2obj", "nav2obj.csproj", "{4032C9FD-6BE4-4CE6-8DF6-FFB915493184}"
EndProject
Global
	GlobalSection(SolutionConfigurationPlatforms) = preSolution
		Debug|Any CPU = Debug|Any CPU
		Release|Any CPU = Release|Any CPU
	EndGlobalSection
	GlobalSection(ProjectConfigurationPlatforms) = postSolution
		{4032C9FD-6BE4-4CE6-8DF6-FFB915493184}.Debug|Any CPU.ActiveCfg = Debug|Any CPU
		{4032C9FD-6BE4-4CE6-8DF6-FFB915493184}.Debug|Any CPU.Build.0 = Debug|Any CPU
		{4032C9FD-6BE4-4CE6-8DF6-FFB915493184}.Release|Any CPU.ActiveCfg = Release|Any CPU
		{4032C9FD-6BE4-4CE6-8DF6-FFB915493184}.Release|Any CPU.Build.0 = Release|Any CPU
	EndGlobalSection
	GlobalSection(SolutionProperties) = preSolution
		HideSolutionNode = FALSE
	EndGlobalSection
	GlobalSection(ExtensibilityGlobals) = postSolution
		SolutionGuid = {6E14BB09-AB28-464D-86A1-8D6743EF017A}
	EndGlobalSection
EndGlobal
